{
  "name": "open-source-guide",
  "requires": true,
  "lockfileVersion": 1,
  "dependencies": {
    "primer-base": {
      "version": "1.7.0",
      "resolved": "https://registry.npmjs.org/primer-base/-/primer-base-1.7.0.tgz",
      "integrity": "sha1-38I7P0hUN+NvjbyPAqZNz4Kt7W0=",
      "requires": {
        "primer-support": "4.5.2"
      }
    },
    "primer-box": {
      "version": "2.5.5",
      "resolved": "https://registry.npmjs.org/primer-box/-/primer-box-2.5.5.tgz",
      "integrity": "sha1-j76ta9vx0gGtgfGBUXLXI/SZtLs=",
      "requires": {
        "primer-support": "4.5.2"
      }
    },
    "primer-breadcrumb": {
      "version": "1.5.1",
      "resolved": "https://registry.npmjs.org/primer-breadcrumb/-/primer-breadcrumb-1.5.1.tgz",
      "integrity": "sha1-mHQDUkRetb6rtIpRqB8IOJsd79A=",
      "requires": {
        "primer-support": "4.5.2"
      }
    },
    "primer-buttons": {
      "version": "2.5.3",
      "resolved": "https://registry.npmjs.org/primer-buttons/-/primer-buttons-2.5.3.tgz",
      "integrity": "sha1-taQNCzJcb2ueBMVRUVKjCf2WMJU=",
      "requires": {
        "primer-support": "4.5.2"
      }
    },
    "primer-core": {
      "version": "6.8.0",
      "resolved": "https://registry.npmjs.org/primer-core/-/primer-core-6.8.0.tgz",
      "integrity": "sha1-R8ix+609ERxZ8eisQZnFb10xJVA=",
      "requires": {
        "primer-base": "1.7.0",
        "primer-box": "2.5.5",
        "primer-breadcrumb": "1.5.1",
        "primer-buttons": "2.5.3",
        "primer-forms": "2.1.0",
        "primer-layout": "1.4.5",
        "primer-navigation": "1.5.3",
        "primer-support": "4.5.2",
        "primer-table-object": "1.4.5",
        "primer-tooltips": "1.5.3",
        "primer-truncate": "1.4.5",
        "primer-utilities": "4.9.0"
      }
    },
    "primer-forms": {
      "version": "2.1.0",
      "resolved": "https://registry.npmjs.org/primer-forms/-/primer-forms-2.1.0.tgz",
      "integrity": "sha1-0ntLuovSFKCX/opWFe1oNxRv6y0=",
      "requires": {
        "primer-support": "4.5.2"
      }
    },
    "primer-layout": {
      "version": "1.4.5",
      "resolved": "https://registry.npmjs.org/primer-layout/-/primer-layout-1.4.5.tgz",
      "integrity": "sha1-b83KZw7wv1xCir6L6GSdg8UeeW8=",
      "requires": {
        "primer-support": "4.5.2"
      }
    },
    "primer-marketing": {
      "version": "6.3.2",
      "resolved": "https://registry.npmjs.org/primer-marketing/-/primer-marketing-6.3.2.tgz",
      "integrity": "sha512-vJKwOZaw4MmGlo6bFHzdbvEC6VAdmK0YwGO+1nMOFOeCXGru7WdLUClQweVl13me828lTKp767uqonYTtNwVBQ==",
      "requires": {
        "primer-marketing-buttons": "1.0.12",
        "primer-marketing-support": "1.5.5",
        "primer-marketing-type": "1.4.12",
        "primer-marketing-utilities": "1.7.2",
        "primer-page-headers": "1.5.2",
        "primer-page-sections": "1.5.2",
        "primer-support": "4.7.1",
        "primer-tables": "1.5.2"
      },
      "dependencies": {
        "primer-support": {
          "version": "4.7.1",
          "resolved": "https://registry.npmjs.org/primer-support/-/primer-support-4.7.1.tgz",
          "integrity": "sha512-BruDzdeTQW7UVsyR2eKxTWMHRzumCTs+Sc6I5reOwTmBIJ2o9CWtj1DvAO8l97+rzQiyajJWi/fJ7i2Zr9Uupg=="
        }
      }
    },
    "primer-marketing-buttons": {
      "version": "1.0.12",
      "resolved": "https://registry.npmjs.org/primer-marketing-buttons/-/primer-marketing-buttons-1.0.12.tgz",
      "integrity": "sha512-Nw+DdFUa+bhBCUVPDHdTEUR+3ihLbyL7ivuEytc+FcdwO1aYvyiPEp3IK226ZP6rFp1m2dChQAovRMOxp0071g==",
      "requires": {
        "primer-support": "4.7.1"
      },
      "dependencies": {
        "primer-support": {
          "version": "4.7.1",
          "resolved": "https://registry.npmjs.org/primer-support/-/primer-support-4.7.1.tgz",
          "integrity": "sha512-BruDzdeTQW7UVsyR2eKxTWMHRzumCTs+Sc6I5reOwTmBIJ2o9CWtj1DvAO8l97+rzQiyajJWi/fJ7i2Zr9Uupg=="
        }
      }
    },
    "primer-marketing-support": {
      "version": "1.5.5",
      "resolved": "https://registry.npmjs.org/primer-marketing-support/-/primer-marketing-support-1.5.5.tgz",
      "integrity": "sha512-65FiUjpK4bMY7mOFnDr56ByLLfSYMOpbrHXKqZFg1PuWXXB+Dp1t37nRJE6mR4/Bn7kXi0VZjnK+1vt8BmzmnA=="
    },
    "primer-marketing-type": {
      "version": "1.4.12",
      "resolved": "https://registry.npmjs.org/primer-marketing-type/-/primer-marketing-type-1.4.12.tgz",
      "integrity": "sha512-mHQXCbVmZQpIun9P4SetDvIBS+cmNfDQekmKhWUEFG6hSaQSu+ztOIf3jH4/1Qz1IIf9+Sp0nyCX1iw9bI9FoA==",
      "requires": {
        "primer-marketing-support": "1.5.5",
        "primer-support": "4.7.1"
      },
      "dependencies": {
        "primer-support": {
          "version": "4.7.1",
          "resolved": "https://registry.npmjs.org/primer-support/-/primer-support-4.7.1.tgz",
          "integrity": "sha512-BruDzdeTQW7UVsyR2eKxTWMHRzumCTs+Sc6I5reOwTmBIJ2o9CWtj1DvAO8l97+rzQiyajJWi/fJ7i2Zr9Uupg=="
        }
      }
    },
    "primer-marketing-utilities": {
      "version": "1.7.2",
      "resolved": "https://registry.npmjs.org/primer-marketing-utilities/-/primer-marketing-utilities-1.7.2.tgz",
      "integrity": "sha512-IJ4+lbHuRK1fQpl8Av7VtTX9k6P20O/r6Mr85PaOkLeB2wtXSnCFvydRleqFZBMjqJFIeeeVMm78hGhICbCqHw==",
      "requires": {
        "primer-marketing-support": "1.5.5",
        "primer-support": "4.7.1"
      },
      "dependencies": {
        "primer-support": {
          "version": "4.7.1",
          "resolved": "https://registry.npmjs.org/primer-support/-/primer-support-4.7.1.tgz",
          "integrity": "sha512-BruDzdeTQW7UVsyR2eKxTWMHRzumCTs+Sc6I5reOwTmBIJ2o9CWtj1DvAO8l97+rzQiyajJWi/fJ7i2Zr9Uupg=="
        }
      }
    },
    "primer-navigation": {
      "version": "1.5.3",
      "resolved": "https://registry.npmjs.org/primer-navigation/-/primer-navigation-1.5.3.tgz",
      "integrity": "sha1-TTJzT67VKzQBP9cQNTQAx5FODFY=",
      "requires": {
        "primer-support": "4.5.2"
      }
    },
    "primer-page-headers": {
      "version": "1.5.2",
      "resolved": "https://registry.npmjs.org/primer-page-headers/-/primer-page-headers-1.5.2.tgz",
      "integrity": "sha512-Ca822722XxouZK0gAL23A+S0T3bzLrUvR+ZA+xGtAByULudPhe24FCSiXhdOOBc3WmwpkXYCGLQwItLtORVmYw==",
      "requires": {
        "primer-marketing-support": "1.5.5",
        "primer-support": "4.7.1"
      },
      "dependencies": {
        "primer-support": {
          "version": "4.7.1",
          "resolved": "https://registry.npmjs.org/primer-support/-/primer-support-4.7.1.tgz",
          "integrity": "sha512-BruDzdeTQW7UVsyR2eKxTWMHRzumCTs+Sc6I5reOwTmBIJ2o9CWtj1DvAO8l97+rzQiyajJWi/fJ7i2Zr9Uupg=="
        }
      }
    },
    "primer-page-sections": {
      "version": "1.5.2",
      "resolved": "https://registry.npmjs.org/primer-page-sections/-/primer-page-sections-1.5.2.tgz",
      "integrity": "sha512-F93dzA9SDJCOIhrxtnlfDjbDxwwDm6A6C8r3muX2wuzaZSGe9HmwB4w6QusHtqP+cXYAdnvXIB+PJLZiQTZkSw==",
      "requires": {
        "primer-marketing-support": "1.5.5",
        "primer-support": "4.7.1"
      },
      "dependencies": {
        "primer-support": {
          "version": "4.7.1",
          "resolved": "https://registry.npmjs.org/primer-support/-/primer-support-4.7.1.tgz",
          "integrity": "sha512-BruDzdeTQW7UVsyR2eKxTWMHRzumCTs+Sc6I5reOwTmBIJ2o9CWtj1DvAO8l97+rzQiyajJWi/fJ7i2Zr9Uupg=="
        }
      }
    },
    "primer-support": {
      "version": "4.5.2",
      "resolved": "https://registry.npmjs.org/primer-support/-/primer-support-4.5.2.tgz",
      "integrity": "sha1-2quaSIgbaVPo5soBhlovQVv3d8U="
    },
    "primer-table-object": {
      "version": "1.4.5",
      "resolved": "https://registry.npmjs.org/primer-table-object/-/primer-table-object-1.4.5.tgz",
      "integrity": "sha1-pF1Z8zqYQQCNLweRQO6KqtZ0g5s=",
      "requires": {
        "primer-support": "4.5.2"
      }
    },
    "primer-tables": {
      "version": "1.5.2",
      "resolved": "https://registry.npmjs.org/primer-tables/-/primer-tables-1.5.2.tgz",
      "integrity": "sha512-VwR3MFgM5EAIvhNOVd9wAS31fFgtgT/bvbXHNSDBDlONswgxz12wIJ24d0ECBUetVKPxewooav8Rt1oznpC2ow==",
      "requires": {
        "primer-marketing-support": "1.5.5",
        "primer-support": "4.7.1"
      },
      "dependencies": {
        "primer-support": {
          "version": "4.7.1",
          "resolved": "https://registry.npmjs.org/primer-support/-/primer-support-4.7.1.tgz",
          "integrity": "sha512-BruDzdeTQW7UVsyR2eKxTWMHRzumCTs+Sc6I5reOwTmBIJ2o9CWtj1DvAO8l97+rzQiyajJWi/fJ7i2Zr9Uupg=="
        }
      }
    },
    "primer-tooltips": {
      "version": "1.5.3",
      "resolved": "https://registry.npmjs.org/primer-tooltips/-/primer-tooltips-1.5.3.tgz",
      "integrity": "sha1-DmZuMRNr7GNKhOnsuddhadCR4kk=",
      "requires": {
        "primer-support": "4.5.2"
      }
    },
    "primer-truncate": {
      "version": "1.4.5",
      "resolved": "https://registry.npmjs.org/primer-truncate/-/primer-truncate-1.4.5.tgz",
      "integrity": "sha1-Qn+ke42c6rq5aqndvwWeRNDudC4=",
      "requires": {
        "primer-support": "4.5.2"
      }
    },
    "primer-utilities": {
      "version": "4.9.0",
      "resolved": "https://registry.npmjs.org/primer-utilities/-/primer-utilities-4.9.0.tgz",
      "integrity": "sha1-KI9tuY7vsC/pFHEejs4dk6y07yk=",
      "requires": {
        "primer-support": "4.5.2"
      }
    }
  }
}
